
Microsoft Visual Studio Solution File, Format Version 12.00
# Visual Studio 14
VisualStudioVersion = 14.0.25420.1
MinimumVisualStudioVersion = 10.0.40219.1
Project("{8BC9CEB8-8B4A-11D0-8D11-00A0C91BC942}") = "modshorthand", "modshorthand\modshorthand.vcxproj", "{0B2E32C0-B2F4-496D-9C70-B62DBA36C4D3}"
EndProject
Project("{8BC9CEB8-8B4A-11D0-8D11-00A0C91BC942}") = "stringfun", "stringfun\stringfun.vcxproj", "{32A2756A-8A8E-471E-AA2D-F9157E6B11F6}"
EndProject
Project("{8BC9CEB8-8B4A-11D0-8D11-00A0C91BC942}") = "calculator", "calculator\calculator.vcxproj", "{812D6341-75A4-49FA-BADA-136A69546A0A}"
EndProject
Global
	GlobalSection(SolutionConfigurationPlatforms) = preSolution
		Debug|x64 = Debug|x64
		Debug|x86 = Debug|x86
		Release|x64 = Release|x64
		Release|x86 = Release|x86
	EndGlobalSection
	GlobalSection(ProjectConfigurationPlatforms) = postSolution
		{0B2E32C0-B2F4-496D-9C70-B62DBA36C4D3}.Debug|x64.ActiveCfg = Debug|x64
		{0B2E32C0-B2F4-496D-9C70-B62DBA36C4D3}.Debug|x64.Build.0 = Debug|x64
		{0B2E32C0-B2F4-496D-9C70-B62DBA36C4D3}.Debug|x86.ActiveCfg = Debug|Win32
		{0B2E32C0-B2F4-496D-9C70-B62DBA36C4D3}.Debug|x86.Build.0 = Debug|Win32
		{0B2E32C0-B2F4-496D-9C70-B62DBA36C4D3}.Release|x64.ActiveCfg = Release|x64
		{0B2E32C0-B2F4-496D-9C70-B62DBA36C4D3}.Release|x64.Build.0 = Release|x64
		{0B2E32C0-B2F4-496D-9C70-B62DBA36C4D3}.Release|x86.ActiveCfg = Release|Win32
		{0B2E32C0-B2F4-496D-9C70-B62DBA36C4D3}.Release|x86.Build.0 = Release|Win32
		{32A2756A-8A8E-471E-AA2D-F9157E6B11F6}.Debug|x64.ActiveCfg = Debug|x64
		{32A2756A-8A8E-471E-AA2D-F9157E6B11F6}.Debug|x64.Build.0 = Debug|x64
		{32A2756A-8A8E-471E-AA2D-F9157E6B11F6}.Debug|x86.ActiveCfg = Debug|Win32
		{32A2756A-8A8E-471E-AA2D-F9157E6B11F6}.Debug|x86.Build.0 = Debug|Win32
		{32A2756A-8A8E-471E-AA2D-F9157E6B11F6}.Release|x64.ActiveCfg = Release|x64
		{32A2756A-8A8E-471E-AA2D-F9157E6B11F6}.Release|x64.Build.0 = Release|x64
		{32A2756A-8A8E-471E-AA2D-F9157E6B11F6}.Release|x86.ActiveCfg = Release|Win32
		{32A2756A-8A8E-471E-AA2D-F9157E6B11F6}.Release|x86.Build.0 = Release|Win32
		{812D6341-75A4-49FA-BADA-136A69546A0A}.Debug|x64.ActiveCfg = Debug|x64
		{812D6341-75A4-49FA-BADA-136A69546A0A}.Debug|x64.Build.0 = Debug|x64
		{812D6341-75A4-49FA-BADA-136A69546A0A}.Debug|x86.ActiveCfg = Debug|Win32
		{812D6341-75A4-49FA-BADA-136A69546A0A}.Debug|x86.Build.0 = Debug|Win32
		{812D6341-75A4-49FA-BADA-136A69546A0A}.Release|x64.ActiveCfg = Release|x64
		{812D6341-75A4-49FA-BADA-136A69546A0A}.Release|x64.Build.0 = Release|x64
		{812D6341-75A4-49FA-BADA-136A69546A0A}.Release|x86.ActiveCfg = Release|Win32
		{812D6341-75A4-49FA-BADA-136A69546A0A}.Release|x86.Build.0 = Release|Win32
	EndGlobalSection
	GlobalSection(SolutionProperties) = preSolution
		HideSolutionNode = FALSE
	EndGlobalSection
EndGlobal
